// !$*UTF8*$!
{
	archiveVersion = 1;
	classes = {
	};
	objectVersion = 46;
	objects = {

/* Begin PBXBuildFile section */
		0F9131FE16D1CD1E001C7733 /* UIKit.framework in Frameworks */ = {isa = PBXBuildFile; fileRef = 0F9131FD16D1CD1E001C7733 /* UIKit.framework */; };
		0F91320016D1CD1E001C7733 /* Foundation.framework in Frameworks */ = {isa = PBXBuildFile; fileRef = 0F9131FF16D1CD1E001C7733 /* Foundation.framework */; };
		0F91320216D1CD1E001C7733 /* CoreGraphics.framework in Frameworks */ = {isa = PBXBuildFile; fileRef = 0F91320116D1CD1E001C7733 /* CoreGraphics.framework */; };
		0F91320816D1CD1E001C7733 /* InfoPlist.strings in Resources */ = {isa = PBXBuildFile; fileRef = 0F91320616D1CD1E001C7733 /* InfoPlist.strings */; };
		0F91320A16D1CD1E001C7733 /* main.m in Sources */ = {isa = PBXBuildFile; fileRef = 0F91320916D1CD1E001C7733 /* main.m */; };
		0F91320E16D1CD1E001C7733 /* AppDelegate.m in Sources */ = {isa = PBXBuildFile; fileRef = 0F91320D16D1CD1E001C7733 /* AppDelegate.m */; };
		0F91321016D1CD1E001C7733 /* Default.png in Resources */ = {isa = PBXBuildFile; fileRef = 0F91320F16D1CD1E001C7733 /* Default.png */; };
		0F91321216D1CD1E001C7733 /* Default@2x.png in Resources */ = {isa = PBXBuildFile; fileRef = 0F91321116D1CD1E001C7733 /* Default@2x.png */; };
		0F91321416D1CD1E001C7733 /* Default-568h@2x.png in Resources */ = {isa = PBXBuildFile; fileRef = 0F91321316D1CD1E001C7733 /* Default-568h@2x.png */; };
/* End PBXBuildFile section */

/* Begin PBXFileReference section */
		0F9131F916D1CD1E001C7733 /* testIOS43.app */ = {isa = PBXFileReference; explicitFileType = wrapper.application; includeInIndex = 0; path = testIOS43.app; sourceTree = BUILT_PRODUCTS_DIR; };
		0F9131FD16D1CD1E001C7733 /* UIKit.framework */ = {isa = PBXFileReference; lastKnownFileType = wrapper.framework; name = UIKit.framework; path = System/Library/Frameworks/UIKit.framework; sourceTree = SDKROOT; };
		0F9131FF16D1CD1E001C7733 /* Foundation.framework */ = {isa = PBXFileReference; lastKnownFileType = wrapper.framework; name = Foundation.framework; path = System/Library/Frameworks/Foundation.framework; sourceTree = SDKROOT; };
		0F91320116D1CD1E001C7733 /* CoreGraphics.framework */ = {isa = PBXFileReference; lastKnownFileType = wrapper.framework; name = CoreGraphics.framework; path = System/Library/Frameworks/CoreGraphics.framework; sourceTree = SDKROOT; };
		0F91320516D1CD1E001C7733 /* testIOS43-Info.plist */ = {isa = PBXFileReference; lastKnownFileType = text.plist.xml; path = "testIOS43-Info.plist"; sourceTree = "<group>"; };
		0F91320716D1CD1E001C7733 /* en */ = {isa = PBXFileReference; lastKnownFileType = text.plist.strings; name = en; path = en.lproj/InfoPlist.strings; sourceTree = "<group>"; };
		0F91320916D1CD1E001C7733 /* main.m */ = {isa = PBXFileReference; lastKnownFileType = sourcecode.c.objc; path = main.m; sourceTree = "<group>"; };
		0F91320B16D1CD1E001C7733 /* testIOS43-Prefix.pch */ = {isa = PBXFileReference; lastKnownFileType = sourcecode.c.h; path = "testIOS43-Prefix.pch"; sourceTree = "<group>"; };
		0F91320C16D1CD1E001C7733 /* AppDelegate.h */ = {isa = PBXFileReference; lastKnownFileType = sourcecode.c.h; path = AppDelegate.h; sourceTree = "<group>"; };
		0F91320D16D1CD1E001C7733 /* AppDelegate.m */ = {isa = PBXFileReference; lastKnownFileType = sourcecode.c.objc; path = AppDelegate.m; sourceTree = "<group>"; };
		0F91320F16D1CD1E001C7733 /* Default.png */ = {isa = PBXFileReference; lastKnownFileType = image.png; path = Default.png; sourceTree = "<group>"; };
		0F91321116D1CD1E001C7733 /* Default@2x.png */ = {isa = PBXFileReference; lastKnownFileType = image.png; path = "Default@2x.png"; sourceTree = "<group>"; };
		0F91321316D1CD1E001C7733 /* Default-568h@2x.png */ = {isa = PBXFileReference; lastKnownFileType = image.png; path = "Default-568h@2x.png"; sourceTree = "<group>"; };
/* End PBXFileReference section */

/* Begin PBXFrameworksBuildPhase section */
		0F9131F616D1CD1E001C7733 /* Frameworks */ = {
			isa = PBXFrameworksBuildPhase;
			buildActionMask = 2147483647;
			files = (
				0F9131FE16D1CD1E001C7733 /* UIKit.framework in Frameworks */,
				0F91320016D1CD1E001C7733 /* Foundation.framework in Frameworks */,
				0F91320216D1CD1E001C7733 /* CoreGraphics.framework in Frameworks */,
			);
			runOnlyForDeploymentPostprocessing = 0;
		};
/* End PBXFrameworksBuildPhase section */

/* Begin PBXGroup section */
		0F9131EE16D1CD1E001C7733 = {
			isa = PBXGroup;
			children = (
				0F91320316D1CD1E001C7733 /* testIOS43 */,
				0F9131FC16D1CD1E001C7733 /* Frameworks */,
				0F9131FA16D1CD1E001C7733 /* Products */,
			);
			sourceTree = "<group>";
		};
		0F9131FA16D1CD1E001C7733 /* Products */ = {
			isa = PBXGroup;
			children = (
				0F9131F916D1CD1E001C7733 /* testIOS43.app */,
			);
			name = Products;
			sourceTree = "<group>";
		};
		0F9131FC16D1CD1E001C7733 /* Frameworks */ = {
			isa = PBXGroup;
			children = (
				0F9131FD16D1CD1E001C7733 /* UIKit.framework */,
				0F9131FF16D1CD1E001C7733 /* Foundation.framework */,
				0F91320116D1CD1E001C7733 /* CoreGraphics.framework */,
			);
			name = Frameworks;
			sourceTree = "<group>";
		};
		0F91320316D1CD1E001C7733 /* testIOS43 */ = {
			isa = PBXGroup;
			children = (
				0F91320C16D1CD1E001C7733 /* AppDelegate.h */,
				0F91320D16D1CD1E001C7733 /* AppDelegate.m */,
				0F91320416D1CD1E001C7733 /* Supporting Files */,
			);
			path = testIOS43;
			sourceTree = "<group>";
		};
		0F91320416D1CD1E001C7733 /* Supporting Files */ = {
			isa = PBXGroup;
			children = (
				0F91320516D1CD1E001C7733 /* testIOS43-Info.plist */,
				0F91320616D1CD1E001C7733 /* InfoPlist.strings */,
				0F91320916D1CD1E001C7733 /* main.m */,
				0F91320B16D1CD1E001C7733 /* testIOS43-Prefix.pch */,
				0F91320F16D1CD1E001C7733 /* Default.png */,
				0F91321116D1CD1E001C7733 /* Default@2x.png */,
				0F91321316D1CD1E001C7733 /* Default-568h@2x.png */,
			);
			name = "Supporting Files";
			sourceTree = "<group>";
		};
/* End PBXGroup section */

/* Begin PBXNativeTarget section */
		0F9131F816D1CD1E001C7733 /* testIOS43 */ = {
			isa = PBXNativeTarget;
			buildConfigurationList = 0F91321716D1CD1E001C7733 /* Build configuration list for PBXNativeTarget "testIOS43" */;
			buildPhases = (
				0F9131F516D1CD1E001C7733 /* Sources */,
				0F9131F616D1CD1E001C7733 /* Frameworks */,
				0F9131F716D1CD1E001C7733 /* Resources */,
			);
			buildRules = (
			);
			dependencies = (
			);
			name = testIOS43;
			productName = testIOS43;
			productReference = 0F9131F916D1CD1E001C7733 /* testIOS43.app */;
			productType = "com.apple.product-type.application";
		};
/* End PBXNativeTarget section */

/* Begin PBXProject section */
		0F9131F016D1CD1E001C7733 /* Project object */ = {
			isa = PBXProject;
			attributes = {
				LastUpgradeCheck = 0450;
				ORGANIZATIONNAME = Ibokan;
			};
			buildConfigurationList = 0F9131F316D1CD1E001C7733 /* Build configuration list for PBXProject "testIOS43" */;
			compatibilityVersion = "Xcode 3.2";
			developmentRegion = English;
			hasScannedForEncodings = 0;
			knownRegions = (
				en,
			);
			mainGroup = 0F9131EE16D1CD1E001C7733;
			productRefGroup = 0F9131FA16D1CD1E001C7733 /* Products */;
			projectDirPath = "";
			projectRoot = "";
			targets = (
				0F9131F816D1CD1E001C7733 /* testIOS43 */,
			);
		};
/* End PBXProject section */

/* Begin PBXResourcesBuildPhase section */
		0F9131F716D1CD1E001C7733 /* Resources */ = {
			isa = PBXResourcesBuildPhase;
			buildActionMask = 2147483647;
			files = (
				0F91320816D1CD1E001C7733 /* InfoPlist.strings in Resources */,
				0F91321016D1CD1E001C7733 /* Default.png in Resources */,
				0F91321216D1CD1E001C7733 /* Default@2x.png in Resources */,
				0F91321416D1CD1E001C7733 /* Default-568h@2x.png in Resources */,
			);
			runOnlyForDeploymentPostprocessing = 0;
		};
/* End PBXResourcesBuildPhase section */

/* Begin PBXSourcesBuildPhase section */
		0F9131F516D1CD1E001C7733 /* Sources */ = {
			isa = PBXSourcesBuildPhase;
			buildActionMask = 2147483647;
			files = (
				0F91320A16D1CD1E001C7733 /* main.m in Sources */,
				0F91320E16D1CD1E001C7733 /* AppDelegate.m in Sources */,
			);
			runOnlyForDeploymentPostprocessing = 0;
		};
/* End PBXSourcesBuildPhase section */

/* Begin PBXVariantGroup section */
		0F91320616D1CD1E001C7733 /* InfoPlist.strings */ = {
			isa = PBXVariantGroup;
			children = (
				0F91320716D1CD1E001C7733 /* en */,
			);
			name = InfoPlist.strings;
			sourceTree = "<group>";
		};
/* End PBXVariantGroup section */

/* Begin XCBuildConfiguration section */
		0F91321516D1CD1E001C7733 /* Debug */ = {
			isa = XCBuildConfiguration;
			buildSettings = {
				ALWAYS_SEARCH_USER_PATHS = NO;
				CLANG_CXX_LANGUAGE_STANDARD = "gnu++0x";
				CLANG_CXX_LIBRARY = "libc++";
				CLANG_WARN_EMPTY_BODY = YES;
				CLANG_WARN__DUPLICATE_METHOD_MATCH = YES;
				"CODE_SIGN_IDENTITY[sdk=iphoneos*]" = "iPhone Developer";
				COPY_PHASE_STRIP = NO;
				GCC_C_LANGUAGE_STANDARD = gnu99;
				GCC_DYNAMIC_NO_PIC = NO;
				GCC_OPTIMIZATION_LEVEL = 0;
				GCC_PREPROCESSOR_DEFINITIONS = (
					"DEBUG=1",
					"$(inherited)",
				);
				GCC_SYMBOLS_PRIVATE_EXTERN = NO;
				GCC_WARN_ABOUT_RETURN_TYPE = YES;
				GCC_WARN_UNINITIALIZED_AUTOS = YES;
				GCC_WARN_UNUSED_VARIABLE = YES;
				IPHONEOS_DEPLOYMENT_TARGET = 6.0;
				ONLY_ACTIVE_ARCH = YES;
				SDKROOT = iphoneos;
			};
			name = Debug;
		};
		0F91321616D1CD1E001C7733 /* Release */ = {
			isa = XCBuildConfiguration;
			buildSettings = {
				ALWAYS_SEARCH_USER_PATHS = NO;
				CLANG_CXX_LANGUAGE_STANDARD = "gnu++0x";
				CLANG_CXX_LIBRARY = "libc++";
				CLANG_WARN_EMPTY_BODY = YES;
				CLANG_WARN__DUPLICATE_METHOD_MATCH = YES;
				"CODE_SIGN_IDENTITY[sdk=iphoneos*]" = "iPhone Developer";
				COPY_PHASE_STRIP = YES;
				GCC_C_LANGUAGE_STANDARD = gnu99;
				GCC_WARN_ABOUT_RETURN_TYPE = YES;
				GCC_WARN_UNINITIALIZED_AUTOS = YES;
				GCC_WARN_UNUSED_VARIABLE = YES;
				IPHONEOS_DEPLOYMENT_TARGET = 6.0;
				OTHER_CFLAGS = "-DNS_BLOCK_ASSERTIONS=1";
				SDKROOT = iphoneos;
				VALIDATE_PRODUCT = YES;
			};
			name = Release;
		};
		0F91321816D1CD1E001C7733 /* Debug */ = {
			isa = XCBuildConfiguration;
			buildSettings = {
				GCC_PRECOMPILE_PREFIX_HEADER = YES;
				GCC_PREFIX_HEADER = "testIOS43/testIOS43-Prefix.pch";
				INFOPLIST_FILE = "testIOS43/testIOS43-Info.plist";
				PRODUCT_NAME = "$(TARGET_NAME)";
				WRAPPER_EXTENSION = app;
			};
			name = Debug;
		};
		0F91321916D1CD1E001C7733 /* Release */ = {
			isa = XCBuildConfiguration;
			buildSettings = {
				GCC_PRECOMPILE_PREFIX_HEADER = YES;
				GCC_PREFIX_HEADER = "testIOS43/testIOS43-Prefix.pch";
				INFOPLIST_FILE = "testIOS43/testIOS43-Info.plist";
				PRODUCT_NAME = "$(TARGET_NAME)";
				WRAPPER_EXTENSION = app;
			};
			name = Release;
		};
/* End XCBuildConfiguration section */

/* Begin XCConfigurationList section */
		0F9131F316D1CD1E001C7733 /* Build configuration list for PBXProject "testIOS43" */ = {
			isa = XCConfigurationList;
			buildConfigurations = (
				0F91321516D1CD1E001C7733 /* Debug */,
				0F91321616D1CD1E001C7733 /* Release */,
			);
			defaultConfigurationIsVisible = 0;
			defaultConfigurationName = Release;
		};
		0F91321716D1CD1E001C7733 /* Build configuration list for PBXNativeTarget "testIOS43" */ = {
			isa = XCConfigurationList;
			buildConfigurations = (
				0F91321816D1CD1E001C7733 /* Debug */,
				0F91321916D1CD1E001C7733 /* Release */,
			);
			defaultConfigurationIsVisible = 0;
		};
/* End XCConfigurationList section */
	};
	rootObject = 0F9131F016D1CD1E001C7733 /* Project object */;
}
